// !$*UTF8*$!
{
	archiveVersion = 1;
	classes = {
	};
	objectVersion = 50;
	objects = {

/* Begin PBXBuildFile section */
		C340455C2567DBF000329923 /* AppDelegate.swift in Sources */ = {isa = PBXBuildFile; fileRef = C340455B2567DBF000329923 /* AppDelegate.swift */; };
		C34045602567DBF000329923 /* ViewController.swift in Sources */ = {isa = PBXBuildFile; fileRef = C340455F2567DBF000329923 /* ViewController.swift */; };
		C34045652567DBF900329923 /* Assets.xcassets in Resources */ = {isa = PBXBuildFile; fileRef = C34045642567DBF900329923 /* Assets.xcassets */; };
		C34045682567DBF900329923 /* LaunchScreen.storyboard in Resources */ = {isa = PBXBuildFile; fileRef = C34045662567DBF900329923 /* LaunchScreen.storyboard */; };
		C340457A2567E5FF00329923 /* Coordinator.swift in Sources */ = {isa = PBXBuildFile; fileRef = C34045792567E5FF00329923 /* Coordinator.swift */; };
		C340457C2567E6EE00329923 /* FirstCoordinator.swift in Sources */ = {isa = PBXBuildFile; fileRef = C340457B2567E6EE00329923 /* FirstCoordinator.swift */; };
		C340457E2567E7FD00329923 /* SecondCoordinator.swift in Sources */ = {isa = PBXBuildFile; fileRef = C340457D2567E7FD00329923 /* SecondCoordinator.swift */; };
		C340458B2568019600329923 /* FirstVC.swift in Sources */ = {isa = PBXBuildFile; fileRef = C34045892568019600329923 /* FirstVC.swift */; };
		C340458C2568019600329923 /* FirstVC.xib in Resources */ = {isa = PBXBuildFile; fileRef = C340458A2568019600329923 /* FirstVC.xib */; };
		C340458F256802D100329923 /* ThirdVC.swift in Sources */ = {isa = PBXBuildFile; fileRef = C340458D256802D100329923 /* ThirdVC.swift */; };
		C3404590256802D100329923 /* ThirdVC.xib in Resources */ = {isa = PBXBuildFile; fileRef = C340458E256802D100329923 /* ThirdVC.xib */; };
		C34045952568044700329923 /* SecondVC.swift in Sources */ = {isa = PBXBuildFile; fileRef = C34045932568044700329923 /* SecondVC.swift */; };
		C34045962568044700329923 /* SecondVC.xib in Resources */ = {isa = PBXBuildFile; fileRef = C34045942568044700329923 /* SecondVC.xib */; };
/* End PBXBuildFile section */

/* Begin PBXFileReference section */
		C34045582567DBF000329923 /* CoordinatorAppDemo.app */ = {isa = PBXFileReference; explicitFileType = wrapper.application; includeInIndex = 0; path = CoordinatorAppDemo.app; sourceTree = BUILT_PRODUCTS_DIR; };
		C340455B2567DBF000329923 /* AppDelegate.swift */ = {isa = PBXFileReference; lastKnownFileType = sourcecode.swift; path = AppDelegate.swift; sourceTree = "<group>"; };
		C340455F2567DBF000329923 /* ViewController.swift */ = {isa = PBXFileReference; lastKnownFileType = sourcecode.swift; path = ViewController.swift; sourceTree = "<group>"; };
		C34045642567DBF900329923 /* Assets.xcassets */ = {isa = PBXFileReference; lastKnownFileType = folder.assetcatalog; path = Assets.xcassets; sourceTree = "<group>"; };
		C34045672567DBF900329923 /* Base */ = {isa = PBXFileReference; lastKnownFileType = file.storyboard; name = Base; path = Base.lproj/LaunchScreen.storyboard; sourceTree = "<group>"; };
		C34045692567DBF900329923 /* Info.plist */ = {isa = PBXFileReference; lastKnownFileType = text.plist.xml; path = Info.plist; sourceTree = "<group>"; };
		C34045792567E5FF00329923 /* Coordinator.swift */ = {isa = PBXFileReference; lastKnownFileType = sourcecode.swift; path = Coordinator.swift; sourceTree = "<group>"; };
		C340457B2567E6EE00329923 /* FirstCoordinator.swift */ = {isa = PBXFileReference; lastKnownFileType = sourcecode.swift; path = FirstCoordinator.swift; sourceTree = "<group>"; };
		C340457D2567E7FD00329923 /* SecondCoordinator.swift */ = {isa = PBXFileReference; lastKnownFileType = sourcecode.swift; path = SecondCoordinator.swift; sourceTree = "<group>"; };
		C34045892568019600329923 /* FirstVC.swift */ = {isa = PBXFileReference; lastKnownFileType = sourcecode.swift; path = FirstVC.swift; sourceTree = "<group>"; };
		C340458A2568019600329923 /* FirstVC.xib */ = {isa = PBXFileReference; lastKnownFileType = file.xib; path = FirstVC.xib; sourceTree = "<group>"; };
		C340458D256802D100329923 /* ThirdVC.swift */ = {isa = PBXFileReference; lastKnownFileType = sourcecode.swift; path = ThirdVC.swift; sourceTree = "<group>"; };
		C340458E256802D100329923 /* ThirdVC.xib */ = {isa = PBXFileReference; lastKnownFileType = file.xib; path = ThirdVC.xib; sourceTree = "<group>"; };
		C34045932568044700329923 /* SecondVC.swift */ = {isa = PBXFileReference; lastKnownFileType = sourcecode.swift; path = SecondVC.swift; sourceTree = "<group>"; };
		C34045942568044700329923 /* SecondVC.xib */ = {isa = PBXFileReference; lastKnownFileType = file.xib; path = SecondVC.xib; sourceTree = "<group>"; };
/* End PBXFileReference section */

/* Begin PBXFrameworksBuildPhase section */
		C34045552567DBF000329923 /* Frameworks */ = {
			isa = PBXFrameworksBuildPhase;
			buildActionMask = 2147483647;
			files = (
			);
			runOnlyForDeploymentPostprocessing = 0;
		};
/* End PBXFrameworksBuildPhase section */

/* Begin PBXGroup section */
		C340454F2567DBF000329923 = {
			isa = PBXGroup;
			children = (
				C340455A2567DBF000329923 /* CoordinatorAppDemo */,
				C34045592567DBF000329923 /* Products */,
			);
			sourceTree = "<group>";
		};
		C34045592567DBF000329923 /* Products */ = {
			isa = PBXGroup;
			children = (
				C34045582567DBF000329923 /* CoordinatorAppDemo.app */,
			);
			name = Products;
			sourceTree = "<group>";
		};
		C340455A2567DBF000329923 /* CoordinatorAppDemo */ = {
			isa = PBXGroup;
			children = (
				C34045782567E5F000329923 /* Coordinators */,
				C34045712567DED800329923 /* Controller */,
				C340455B2567DBF000329923 /* AppDelegate.swift */,
				C340455F2567DBF000329923 /* ViewController.swift */,
				C34045642567DBF900329923 /* Assets.xcassets */,
				C34045662567DBF900329923 /* LaunchScreen.storyboard */,
				C34045692567DBF900329923 /* Info.plist */,
			);
			path = CoordinatorAppDemo;
			sourceTree = "<group>";
		};
		C34045712567DED800329923 /* Controller */ = {
			isa = PBXGroup;
			children = (
				C34045892568019600329923 /* FirstVC.swift */,
				C340458A2568019600329923 /* FirstVC.xib */,
				C340458D256802D100329923 /* ThirdVC.swift */,
				C340458E256802D100329923 /* ThirdVC.xib */,
				C34045932568044700329923 /* SecondVC.swift */,
				C34045942568044700329923 /* SecondVC.xib */,
			);
			path = Controller;
			sourceTree = "<group>";
		};
		C34045782567E5F000329923 /* Coordinators */ = {
			isa = PBXGroup;
			children = (
				C34045792567E5FF00329923 /* Coordinator.swift */,
				C340457B2567E6EE00329923 /* FirstCoordinator.swift */,
				C340457D2567E7FD00329923 /* SecondCoordinator.swift */,
			);
			path = Coordinators;
			sourceTree = "<group>";
		};
/* End PBXGroup section */

/* Begin PBXNativeTarget section */
		C34045572567DBF000329923 /* CoordinatorAppDemo */ = {
			isa = PBXNativeTarget;
			buildConfigurationList = C340456C2567DBF900329923 /* Build configuration list for PBXNativeTarget "CoordinatorAppDemo" */;
			buildPhases = (
				C34045542567DBF000329923 /* Sources */,
				C34045552567DBF000329923 /* Frameworks */,
				C34045562567DBF000329923 /* Resources */,
			);
			buildRules = (
			);
			dependencies = (
			);
			name = CoordinatorAppDemo;
			productName = CoordinatorAppDemo;
			productReference = C34045582567DBF000329923 /* CoordinatorAppDemo.app */;
			productType = "com.apple.product-type.application";
		};
/* End PBXNativeTarget section */

/* Begin PBXProject section */
		C34045502567DBF000329923 /* Project object */ = {
			isa = PBXProject;
			attributes = {
				LastSwiftUpdateCheck = 1130;
				LastUpgradeCheck = 1130;
				ORGANIZATIONNAME = Abeer;
				TargetAttributes = {
					C34045572567DBF000329923 = {
						CreatedOnToolsVersion = 11.3.1;
					};
				};
			};
			buildConfigurationList = C34045532567DBF000329923 /* Build configuration list for PBXProject "CoordinatorAppDemo" */;
			compatibilityVersion = "Xcode 9.3";
			developmentRegion = en;
			hasScannedForEncodings = 0;
			knownRegions = (
				en,
				Base,
			);
			mainGroup = C340454F2567DBF000329923;
			productRefGroup = C34045592567DBF000329923 /* Products */;
			projectDirPath = "";
			projectRoot = "";
			targets = (
				C34045572567DBF000329923 /* CoordinatorAppDemo */,
			);
		};
/* End PBXProject section */

/* Begin PBXResourcesBuildPhase section */
		C34045562567DBF000329923 /* Resources */ = {
			isa = PBXResourcesBuildPhase;
			buildActionMask = 2147483647;
			files = (
				C3404590256802D100329923 /* ThirdVC.xib in Resources */,
				C34045962568044700329923 /* SecondVC.xib in Resources */,
				C340458C2568019600329923 /* FirstVC.xib in Resources */,
				C34045682567DBF900329923 /* LaunchScreen.storyboard in Resources */,
				C34045652567DBF900329923 /* Assets.xcassets in Resources */,
			);
			runOnlyForDeploymentPostprocessing = 0;
		};
/* End PBXResourcesBuildPhase section */

/* Begin PBXSourcesBuildPhase section */
		C34045542567DBF000329923 /* Sources */ = {
			isa = PBXSourcesBuildPhase;
			buildActionMask = 2147483647;
			files = (
				C340458F256802D100329923 /* ThirdVC.swift in Sources */,
				C34045602567DBF000329923 /* ViewController.swift in Sources */,
				C340457E2567E7FD00329923 /* SecondCoordinator.swift in Sources */,
				C340458B2568019600329923 /* FirstVC.swift in Sources */,
				C34045952568044700329923 /* SecondVC.swift in Sources */,
				C340455C2567DBF000329923 /* AppDelegate.swift in Sources */,
				C340457C2567E6EE00329923 /* FirstCoordinator.swift in Sources */,
				C340457A2567E5FF00329923 /* Coordinator.swift in Sources */,
			);
			runOnlyForDeploymentPostprocessing = 0;
		};
/* End PBXSourcesBuildPhase section */

/* Begin PBXVariantGroup section */
		C34045662567DBF900329923 /* LaunchScreen.storyboard */ = {
			isa = PBXVariantGroup;
			children = (
				C34045672567DBF900329923 /* Base */,
			);
			name = LaunchScreen.storyboard;
			sourceTree = "<group>";
		};
/* End PBXVariantGroup section */

/* Begin XCBuildConfiguration section */
		C340456A2567DBF900329923 /* Debug */ = {
			isa = XCBuildConfiguration;
			buildSettings = {
				ALWAYS_SEARCH_USER_PATHS = NO;
				CLANG_ANALYZER_NONNULL = YES;
				CLANG_ANALYZER_NUMBER_OBJECT_CONVERSION = YES_AGGRESSIVE;
				CLANG_CXX_LANGUAGE_STANDARD = "gnu++14";
				CLANG_CXX_LIBRARY = "libc++";
				CLANG_ENABLE_MODULES = YES;
				CLANG_ENABLE_OBJC_ARC = YES;
				CLANG_ENABLE_OBJC_WEAK = YES;
				CLANG_WARN_BLOCK_CAPTURE_AUTORELEASING = YES;
				CLANG_WARN_BOOL_CONVERSION = YES;
				CLANG_WARN_COMMA = YES;
				CLANG_WARN_CONSTANT_CONVERSION = YES;
				CLANG_WARN_DEPRECATED_OBJC_IMPLEMENTATIONS = YES;
				CLANG_WARN_DIRECT_OBJC_ISA_USAGE = YES_ERROR;
				CLANG_WARN_DOCUMENTATION_COMMENTS = YES;
				CLANG_WARN_EMPTY_BODY = YES;
				CLANG_WARN_ENUM_CONVERSION = YES;
				CLANG_WARN_INFINITE_RECURSION = YES;
				CLANG_WARN_INT_CONVERSION = YES;
				CLANG_WARN_NON_LITERAL_NULL_CONVERSION = YES;
				CLANG_WARN_OBJC_IMPLICIT_RETAIN_SELF = YES;
				CLANG_WARN_OBJC_LITERAL_CONVERSION = YES;
				CLANG_WARN_OBJC_ROOT_CLASS = YES_ERROR;
				CLANG_WARN_RANGE_LOOP_ANALYSIS = YES;
				CLANG_WARN_STRICT_PROTOTYPES = YES;
				CLANG_WARN_SUSPICIOUS_MOVE = YES;
				CLANG_WARN_UNGUARDED_AVAILABILITY = YES_AGGRESSIVE;
				CLANG_WARN_UNREACHABLE_CODE = YES;
				CLANG_WARN__DUPLICATE_METHOD_MATCH = YES;
				COPY_PHASE_STRIP = NO;
				DEBUG_INFORMATION_FORMAT = dwarf;
				ENABLE_STRICT_OBJC_MSGSEND = YES;
				ENABLE_TESTABILITY = YES;
				GCC_C_LANGUAGE_STANDARD = gnu11;
				GCC_DYNAMIC_NO_PIC = NO;
				GCC_NO_COMMON_BLOCKS = YES;
				GCC_OPTIMIZATION_LEVEL = 0;
				GCC_PREPROCESSOR_DEFINITIONS = (
					"DEBUG=1",
					"$(inherited)",
				);
				GCC_WARN_64_TO_32_BIT_CONVERSION = YES;
				GCC_WARN_ABOUT_RETURN_TYPE = YES_ERROR;
				GCC_WARN_UNDECLARED_SELECTOR = YES;
				GCC_WARN_UNINITIALIZED_AUTOS = YES_AGGRESSIVE;
				GCC_WARN_UNUSED_FUNCTION = YES;
				GCC_WARN_UNUSED_VARIABLE = YES;
				IPHONEOS_DEPLOYMENT_TARGET = 13.2;
				MTL_ENABLE_DEBUG_INFO = INCLUDE_SOURCE;
				MTL_FAST_MATH = YES;
				ONLY_ACTIVE_ARCH = YES;
				SDKROOT = iphoneos;
				SWIFT_ACTIVE_COMPILATION_CONDITIONS = DEBUG;
				SWIFT_OPTIMIZATION_LEVEL = "-Onone";
			};
			name = Debug;
		};
		C340456B2567DBF900329923 /* Release */ = {
			isa = XCBuildConfiguration;
			buildSettings = {
				ALWAYS_SEARCH_USER_PATHS = NO;
				CLANG_ANALYZER_NONNULL = YES;
				CLANG_ANALYZER_NUMBER_OBJECT_CONVERSION = YES_AGGRESSIVE;
				CLANG_CXX_LANGUAGE_STANDARD = "gnu++14";
				CLANG_CXX_LIBRARY = "libc++";
				CLANG_ENABLE_MODULES = YES;
				CLANG_ENABLE_OBJC_ARC = YES;
				CLANG_ENABLE_OBJC_WEAK = YES;
				CLANG_WARN_BLOCK_CAPTURE_AUTORELEASING = YES;
				CLANG_WARN_BOOL_CONVERSION = YES;
				CLANG_WARN_COMMA = YES;
				CLANG_WARN_CONSTANT_CONVERSION = YES;
				CLANG_WARN_DEPRECATED_OBJC_IMPLEMENTATIONS = YES;
				CLANG_WARN_DIRECT_OBJC_ISA_USAGE = YES_ERROR;
				CLANG_WARN_DOCUMENTATION_COMMENTS = YES;
				CLANG_WARN_EMPTY_BODY = YES;
				CLANG_WARN_ENUM_CONVERSION = YES;
				CLANG_WARN_INFINITE_RECURSION = YES;
				CLANG_WARN_INT_CONVERSION = YES;
				CLANG_WARN_NON_LITERAL_NULL_CONVERSION = YES;
				CLANG_WARN_OBJC_IMPLICIT_RETAIN_SELF = YES;
				CLANG_WARN_OBJC_LITERAL_CONVERSION = YES;
				CLANG_WARN_OBJC_ROOT_CLASS = YES_ERROR;
				CLANG_WARN_RANGE_LOOP_ANALYSIS = YES;
				CLANG_WARN_STRICT_PROTOTYPES = YES;
				CLANG_WARN_SUSPICIOUS_MOVE = YES;
				CLANG_WARN_UNGUARDED_AVAILABILITY = YES_AGGRESSIVE;
				CLANG_WARN_UNREACHABLE_CODE = YES;
				CLANG_WARN__DUPLICATE_METHOD_MATCH = YES;
				COPY_PHASE_STRIP = NO;
				DEBUG_INFORMATION_FORMAT = "dwarf-with-dsym";
				ENABLE_NS_ASSERTIONS = NO;
				ENABLE_STRICT_OBJC_MSGSEND = YES;
				GCC_C_LANGUAGE_STANDARD = gnu11;
				GCC_NO_COMMON_BLOCKS = YES;
				GCC_WARN_64_TO_32_BIT_CONVERSION = YES;
				GCC_WARN_ABOUT_RETURN_TYPE = YES_ERROR;
				GCC_WARN_UNDECLARED_SELECTOR = YES;
				GCC_WARN_UNINITIALIZED_AUTOS = YES_AGGRESSIVE;
				GCC_WARN_UNUSED_FUNCTION = YES;
				GCC_WARN_UNUSED_VARIABLE = YES;
				IPHONEOS_DEPLOYMENT_TARGET = 13.2;
				MTL_ENABLE_DEBUG_INFO = NO;
				MTL_FAST_MATH = YES;
				SDKROOT = iphoneos;
				SWIFT_COMPILATION_MODE = wholemodule;
				SWIFT_OPTIMIZATION_LEVEL = "-O";
				VALIDATE_PRODUCT = YES;
			};
			name = Release;
		};
		C340456D2567DBF900329923 /* Debug */ = {
			isa = XCBuildConfiguration;
			buildSettings = {
				ASSETCATALOG_COMPILER_APPICON_NAME = AppIcon;
				CODE_SIGN_STYLE = Automatic;
				DEVELOPMENT_TEAM = 9WV7FAQ557;
				INFOPLIST_FILE = CoordinatorAppDemo/Info.plist;
				LD_RUNPATH_SEARCH_PATHS = (
					"$(inherited)",
					"@executable_path/Frameworks",
				);
				PRODUCT_BUNDLE_IDENTIFIER = com.Abeer.test1.CoordinatorAppDemo;
				PRODUCT_NAME = "$(TARGET_NAME)";
				SWIFT_VERSION = 5.0;
				TARGETED_DEVICE_FAMILY = "1,2";
			};
			name = Debug;
		};
		C340456E2567DBF900329923 /* Release */ = {
			isa = XCBuildConfiguration;
			buildSettings = {
				ASSETCATALOG_COMPILER_APPICON_NAME = AppIcon;
				CODE_SIGN_STYLE = Automatic;
				DEVELOPMENT_TEAM = 9WV7FAQ557;
				INFOPLIST_FILE = CoordinatorAppDemo/Info.plist;
				LD_RUNPATH_SEARCH_PATHS = (
					"$(inherited)",
					"@executable_path/Frameworks",
				);
				PRODUCT_BUNDLE_IDENTIFIER = com.Abeer.test1.CoordinatorAppDemo;
				PRODUCT_NAME = "$(TARGET_NAME)";
				SWIFT_VERSION = 5.0;
				TARGETED_DEVICE_FAMILY = "1,2";
			};
			name = Release;
		};
/* End XCBuildConfiguration section */

/* Begin XCConfigurationList section */
		C34045532567DBF000329923 /* Build configuration list for PBXProject "CoordinatorAppDemo" */ = {
			isa = XCConfigurationList;
			buildConfigurations = (
				C340456A2567DBF900329923 /* Debug */,
				C340456B2567DBF900329923 /* Release */,
			);
			defaultConfigurationIsVisible = 0;
			defaultConfigurationName = Release;
		};
		C340456C2567DBF900329923 /* Build configuration list for PBXNativeTarget "CoordinatorAppDemo" */ = {
			isa = XCConfigurationList;
			buildConfigurations = (
				C340456D2567DBF900329923 /* Debug */,
				C340456E2567DBF900329923 /* Release */,
			);
			defaultConfigurationIsVisible = 0;
			defaultConfigurationName = Release;
		};
/* End XCConfigurationList section */
	};
	rootObject = C34045502567DBF000329923 /* Project object */;
}
